# This file is autogenerated, do not edit; changes may be undone by the next 'dep ensure'.


[[projects]]
  branch = "master"
  digest = "1:dad4132c9079386cd0309f2279e6fb5133181753fbaf1277d42c5c827e1a6cc2"
  name = "github.com/appf-anu/chamber-tools"
  packages = ["."]
  pruneopts = "UT"
  revision = "ef1f36c5a2c6e8fd7bc628570a15e93faa188f6e"

[[projects]]
  branch = "master"
  digest = "1:72d0257854c16cd98f7de63c4c23ab93b2572cafcf6ea6cba8a03f2220035894"
  name = "github.com/bcampbell/fuzzytime"
  packages = ["."]
  pruneopts = "UT"
  revision = "05ea0010feacdc54e99e54a9a6d2e58fd2d4a633"

[[projects]]
  branch = "master"
  digest = "1:f00bc67b877f674d7712654835ce1b205fd6c77ea7102515972c91e9e31b7532"
  name = "github.com/mdaffin/go-telegraf"
  packages = ["."]
  pruneopts = "UT"
  revision = "e4f1649ff5751ca6fdb13b7abbcfaa138eacf355"

[[projects]]
  branch = "master"
  digest = "1:fb9be9f54a48793b8e2b0939373b52272b8cf0699d024a062df8596a77371524"
  name = "github.com/ziutek/telnet"
  packages = ["."]
  pruneopts = "UT"
  revision = "c3b780dc415b28894076b4ec975ea3ea69e3980f"

[solve-meta]
  analyzer-name = "dep"
  analyzer-version = 1
  input-imports = [
    "github.com/appf-anu/chamber-tools",
    "github.com/mdaffin/go-telegraf",
    "github.com/ziutek/telnet",
  ]
  solver-name = "gps-cdcl"
  solver-version = 1
